// !$*UTF8*$!
{
	archiveVersion = 1;
	classes = {
	};
	objectVersion = 77;
	objects = {

/* Begin PBXBuildFile section */
		A1F79C312CE6173E007487F8 /* RealmSwift in Frameworks */ = {isa = PBXBuildFile; productRef = A1F79C302CE6173E007487F8 /* RealmSwift */; };
		A1F79C512CE618B8007487F8 /* RealmSwift in Embed Frameworks */ = {isa = PBXBuildFile; productRef = A1F79C302CE6173E007487F8 /* RealmSwift */; settings = {ATTRIBUTES = (CodeSignOnCopy, ); }; };
/* End PBXBuildFile section */

/* Begin PBXContainerItemProxy section */
		A12965602CE4A91F00C1B750 /* PBXContainerItemProxy */ = {
			isa = PBXContainerItemProxy;
			containerPortal = A12965472CE4A91E00C1B750 /* Project object */;
			proxyType = 1;
			remoteGlobalIDString = A129654E2CE4A91E00C1B750;
			remoteInfo = Spyne;
		};
		A129656A2CE4A91F00C1B750 /* PBXContainerItemProxy */ = {
			isa = PBXContainerItemProxy;
			containerPortal = A12965472CE4A91E00C1B750 /* Project object */;
			proxyType = 1;
			remoteGlobalIDString = A129654E2CE4A91E00C1B750;
			remoteInfo = Spyne;
		};
/* End PBXContainerItemProxy section */

/* Begin PBXCopyFilesBuildPhase section */
		A1F79C522CE618B8007487F8 /* Embed Frameworks */ = {
			isa = PBXCopyFilesBuildPhase;
			buildActionMask = 2147483647;
			dstPath = "";
			dstSubfolderSpec = 10;
			files = (
				A1F79C512CE618B8007487F8 /* RealmSwift in Embed Frameworks */,
			);
			name = "Embed Frameworks";
			runOnlyForDeploymentPostprocessing = 0;
		};
/* End PBXCopyFilesBuildPhase section */

/* Begin PBXFileReference section */
		A129654F2CE4A91E00C1B750 /* Spyne.app */ = {isa = PBXFileReference; explicitFileType = wrapper.application; includeInIndex = 0; path = Spyne.app; sourceTree = BUILT_PRODUCTS_DIR; };
		A129655F2CE4A91F00C1B750 /* SpyneTests.xctest */ = {isa = PBXFileReference; explicitFileType = wrapper.cfbundle; includeInIndex = 0; path = SpyneTests.xctest; sourceTree = BUILT_PRODUCTS_DIR; };
		A12965692CE4A91F00C1B750 /* SpyneUITests.xctest */ = {isa = PBXFileReference; explicitFileType = wrapper.cfbundle; includeInIndex = 0; path = SpyneUITests.xctest; sourceTree = BUILT_PRODUCTS_DIR; };
/* End PBXFileReference section */

/* Begin PBXFileSystemSynchronizedBuildFileExceptionSet section */
		A105DAEE2CE7572D004E730E /* Exceptions for "Spyne" folder in "Spyne" target */ = {
			isa = PBXFileSystemSynchronizedBuildFileExceptionSet;
			membershipExceptions = (
				Info.plist,
			);
			target = A129654E2CE4A91E00C1B750 /* Spyne */;
		};
/* End PBXFileSystemSynchronizedBuildFileExceptionSet section */

/* Begin PBXFileSystemSynchronizedRootGroup section */
		A12965512CE4A91E00C1B750 /* Spyne */ = {
			isa = PBXFileSystemSynchronizedRootGroup;
			exceptions = (
				A105DAEE2CE7572D004E730E /* Exceptions for "Spyne" folder in "Spyne" target */,
			);
			path = Spyne;
			sourceTree = "<group>";
		};
		A12965622CE4A91F00C1B750 /* SpyneTests */ = {
			isa = PBXFileSystemSynchronizedRootGroup;
			path = SpyneTests;
			sourceTree = "<group>";
		};
		A129656C2CE4A91F00C1B750 /* SpyneUITests */ = {
			isa = PBXFileSystemSynchronizedRootGroup;
			path = SpyneUITests;
			sourceTree = "<group>";
		};
/* End PBXFileSystemSynchronizedRootGroup section */

/* Begin PBXFrameworksBuildPhase section */
		A129654C2CE4A91E00C1B750 /* Frameworks */ = {
			isa = PBXFrameworksBuildPhase;
			buildActionMask = 2147483647;
			files = (
				A1F79C312CE6173E007487F8 /* RealmSwift in Frameworks */,
			);
			runOnlyForDeploymentPostprocessing = 0;
		};
		A129655C2CE4A91F00C1B750 /* Frameworks */ = {
			isa = PBXFrameworksBuildPhase;
			buildActionMask = 2147483647;
			files = (
			);
			runOnlyForDeploymentPostprocessing = 0;
		};
		A12965662CE4A91F00C1B750 /* Frameworks */ = {
			isa = PBXFrameworksBuildPhase;
			buildActionMask = 2147483647;
			files = (
			);
			runOnlyForDeploymentPostprocessing = 0;
		};
/* End PBXFrameworksBuildPhase section */

/* Begin PBXGroup section */
		A12965462CE4A91E00C1B750 = {
			isa = PBXGroup;
			children = (
				A12965512CE4A91E00C1B750 /* Spyne */,
				A12965622CE4A91F00C1B750 /* SpyneTests */,
				A129656C2CE4A91F00C1B750 /* SpyneUITests */,
				A12965502CE4A91E00C1B750 /* Products */,
			);
			sourceTree = "<group>";
		};
		A12965502CE4A91E00C1B750 /* Products */ = {
			isa = PBXGroup;
			children = (
				A129654F2CE4A91E00C1B750 /* Spyne.app */,
				A129655F2CE4A91F00C1B750 /* SpyneTests.xctest */,
				A12965692CE4A91F00C1B750 /* SpyneUITests.xctest */,
			);
			name = Products;
			sourceTree = "<group>";
		};
/* End PBXGroup section */

/* Begin PBXNativeTarget section */
		A129654E2CE4A91E00C1B750 /* Spyne */ = {
			isa = PBXNativeTarget;
			buildConfigurationList = A12965732CE4A92000C1B750 /* Build configuration list for PBXNativeTarget "Spyne" */;
			buildPhases = (
				A129654B2CE4A91E00C1B750 /* Sources */,
				A129654C2CE4A91E00C1B750 /* Frameworks */,
				A129654D2CE4A91E00C1B750 /* Resources */,
				A1F79C522CE618B8007487F8 /* Embed Frameworks */,
			);
			buildRules = (
			);
			dependencies = (
			);
			fileSystemSynchronizedGroups = (
				A12965512CE4A91E00C1B750 /* Spyne */,
			);
			name = Spyne;
			packageProductDependencies = (
				A1F79C302CE6173E007487F8 /* RealmSwift */,
			);
			productName = Spyne;
			productReference = A129654F2CE4A91E00C1B750 /* Spyne.app */;
			productType = "com.apple.product-type.application";
		};
		A129655E2CE4A91F00C1B750 /* SpyneTests */ = {
			isa = PBXNativeTarget;
			buildConfigurationList = A12965762CE4A92000C1B750 /* Build configuration list for PBXNativeTarget "SpyneTests" */;
			buildPhases = (
				A129655B2CE4A91F00C1B750 /* Sources */,
				A129655C2CE4A91F00C1B750 /* Frameworks */,
				A129655D2CE4A91F00C1B750 /* Resources */,
			);
			buildRules = (
			);
			dependencies = (
				A12965612CE4A91F00C1B750 /* PBXTargetDependency */,
			);
			fileSystemSynchronizedGroups = (
				A12965622CE4A91F00C1B750 /* SpyneTests */,
			);
			name = SpyneTests;
			packageProductDependencies = (
			);
			productName = SpyneTests;
			productReference = A129655F2CE4A91F00C1B750 /* SpyneTests.xctest */;
			productType = "com.apple.product-type.bundle.unit-test";
		};
		A12965682CE4A91F00C1B750 /* SpyneUITests */ = {
			isa = PBXNativeTarget;
			buildConfigurationList = A12965792CE4A92000C1B750 /* Build configuration list for PBXNativeTarget "SpyneUITests" */;
			buildPhases = (
				A12965652CE4A91F00C1B750 /* Sources */,
				A12965662CE4A91F00C1B750 /* Frameworks */,
				A12965672CE4A91F00C1B750 /* Resources */,
			);
			buildRules = (
			);
			dependencies = (
				A129656B2CE4A91F00C1B750 /* PBXTargetDependency */,
			);
			fileSystemSynchronizedGroups = (
				A129656C2CE4A91F00C1B750 /* SpyneUITests */,
			);
			name = SpyneUITests;
			packageProductDependencies = (
			);
			productName = SpyneUITests;
			productReference = A12965692CE4A91F00C1B750 /* SpyneUITests.xctest */;
			productType = "com.apple.product-type.bundle.ui-testing";
		};
/* End PBXNativeTarget section */

/* Begin PBXProject section */
		A12965472CE4A91E00C1B750 /* Project object */ = {
			isa = PBXProject;
			attributes = {
				BuildIndependentTargetsInParallel = 1;
				LastSwiftUpdateCheck = 1600;
				LastUpgradeCheck = 1600;
				TargetAttributes = {
					A129654E2CE4A91E00C1B750 = {
						CreatedOnToolsVersion = 16.0;
					};
					A129655E2CE4A91F00C1B750 = {
						CreatedOnToolsVersion = 16.0;
						TestTargetID = A129654E2CE4A91E00C1B750;
					};
					A12965682CE4A91F00C1B750 = {
						CreatedOnToolsVersion = 16.0;
						TestTargetID = A129654E2CE4A91E00C1B750;
					};
				};
			};
			buildConfigurationList = A129654A2CE4A91E00C1B750 /* Build configuration list for PBXProject "Spyne" */;
			developmentRegion = en;
			hasScannedForEncodings = 0;
			knownRegions = (
				en,
				Base,
			);
			mainGroup = A12965462CE4A91E00C1B750;
			minimizedProjectReferenceProxies = 1;
			packageReferences = (
				A1F79C2F2CE6173E007487F8 /* XCRemoteSwiftPackageReference "realm-swift" */,
			);
			preferredProjectObjectVersion = 77;
			productRefGroup = A12965502CE4A91E00C1B750 /* Products */;
			projectDirPath = "";
			projectRoot = "";
			targets = (
				A129654E2CE4A91E00C1B750 /* Spyne */,
				A129655E2CE4A91F00C1B750 /* SpyneTests */,
				A12965682CE4A91F00C1B750 /* SpyneUITests */,
			);
		};
/* End PBXProject section */

/* Begin PBXResourcesBuildPhase section */
		A129654D2CE4A91E00C1B750 /* Resources */ = {
			isa = PBXResourcesBuildPhase;
			buildActionMask = 2147483647;
			files = (
			);
			runOnlyForDeploymentPostprocessing = 0;
		};
		A129655D2CE4A91F00C1B750 /* Resources */ = {
			isa = PBXResourcesBuildPhase;
			buildActionMask = 2147483647;
			files = (
			);
			runOnlyForDeploymentPostprocessing = 0;
		};
		A12965672CE4A91F00C1B750 /* Resources */ = {
			isa = PBXResourcesBuildPhase;
			buildActionMask = 2147483647;
			files = (
			);
			runOnlyForDeploymentPostprocessing = 0;
		};
/* End PBXResourcesBuildPhase section */

/* Begin PBXSourcesBuildPhase section */
		A129654B2CE4A91E00C1B750 /* Sources */ = {
			isa = PBXSourcesBuildPhase;
			buildActionMask = 2147483647;
			files = (
			);
			runOnlyForDeploymentPostprocessing = 0;
		};
		A129655B2CE4A91F00C1B750 /* Sources */ = {
			isa = PBXSourcesBuildPhase;
			buildActionMask = 2147483647;
			files = (
			);
			runOnlyForDeploymentPostprocessing = 0;
		};
		A12965652CE4A91F00C1B750 /* Sources */ = {
			isa = PBXSourcesBuildPhase;
			buildActionMask = 2147483647;
			files = (
			);
			runOnlyForDeploymentPostprocessing = 0;
		};
/* End PBXSourcesBuildPhase section */

/* Begin PBXTargetDependency section */
		A12965612CE4A91F00C1B750 /* PBXTargetDependency */ = {
			isa = PBXTargetDependency;
			target = A129654E2CE4A91E00C1B750 /* Spyne */;
			targetProxy = A12965602CE4A91F00C1B750 /* PBXContainerItemProxy */;
		};
		A129656B2CE4A91F00C1B750 /* PBXTargetDependency */ = {
			isa = PBXTargetDependency;
			target = A129654E2CE4A91E00C1B750 /* Spyne */;
			targetProxy = A129656A2CE4A91F00C1B750 /* PBXContainerItemProxy */;
		};
/* End PBXTargetDependency section */

/* Begin XCBuildConfiguration section */
		A12965712CE4A92000C1B750 /* Debug */ = {
			isa = XCBuildConfiguration;
			buildSettings = {
				ALWAYS_SEARCH_USER_PATHS = NO;
				ASSETCATALOG_COMPILER_GENERATE_SWIFT_ASSET_SYMBOL_EXTENSIONS = YES;
				CLANG_ANALYZER_NONNULL = YES;
				CLANG_ANALYZER_NUMBER_OBJECT_CONVERSION = YES_AGGRESSIVE;
				CLANG_CXX_LANGUAGE_STANDARD = "gnu++20";
				CLANG_ENABLE_MODULES = YES;
				CLANG_ENABLE_OBJC_ARC = YES;
				CLANG_ENABLE_OBJC_WEAK = YES;
				CLANG_WARN_BLOCK_CAPTURE_AUTORELEASING = YES;
				CLANG_WARN_BOOL_CONVERSION = YES;
				CLANG_WARN_COMMA = YES;
				CLANG_WARN_CONSTANT_CONVERSION = YES;
				CLANG_WARN_DEPRECATED_OBJC_IMPLEMENTATIONS = YES;
				CLANG_WARN_DIRECT_OBJC_ISA_USAGE = YES_ERROR;
				CLANG_WARN_DOCUMENTATION_COMMENTS = YES;
				CLANG_WARN_EMPTY_BODY = YES;
				CLANG_WARN_ENUM_CONVERSION = YES;
				CLANG_WARN_INFINITE_RECURSION = YES;
				CLANG_WARN_INT_CONVERSION = YES;
				CLANG_WARN_NON_LITERAL_NULL_CONVERSION = YES;
				CLANG_WARN_OBJC_IMPLICIT_RETAIN_SELF = YES;
				CLANG_WARN_OBJC_LITERAL_CONVERSION = YES;
				CLANG_WARN_OBJC_ROOT_CLASS = YES_ERROR;
				CLANG_WARN_QUOTED_INCLUDE_IN_FRAMEWORK_HEADER = YES;
				CLANG_WARN_RANGE_LOOP_ANALYSIS = YES;
				CLANG_WARN_STRICT_PROTOTYPES = YES;
				CLANG_WARN_SUSPICIOUS_MOVE = YES;
				CLANG_WARN_UNGUARDED_AVAILABILITY = YES_AGGRESSIVE;
				CLANG_WARN_UNREACHABLE_CODE = YES;
				CLANG_WARN__DUPLICATE_METHOD_MATCH = YES;
				COPY_PHASE_STRIP = NO;
				DEBUG_INFORMATION_FORMAT = dwarf;
				ENABLE_STRICT_OBJC_MSGSEND = YES;
				ENABLE_TESTABILITY = YES;
				ENABLE_USER_SCRIPT_SANDBOXING = YES;
				GCC_C_LANGUAGE_STANDARD = gnu17;
				GCC_DYNAMIC_NO_PIC = NO;
				GCC_NO_COMMON_BLOCKS = YES;
				GCC_OPTIMIZATION_LEVEL = 0;
				GCC_PREPROCESSOR_DEFINITIONS = (
					"DEBUG=1",
					"$(inherited)",
				);
				GCC_WARN_64_TO_32_BIT_CONVERSION = YES;
				GCC_WARN_ABOUT_RETURN_TYPE = YES_ERROR;
				GCC_WARN_UNDECLARED_SELECTOR = YES;
				GCC_WARN_UNINITIALIZED_AUTOS = YES_AGGRESSIVE;
				GCC_WARN_UNUSED_FUNCTION = YES;
				GCC_WARN_UNUSED_VARIABLE = YES;
				IPHONEOS_DEPLOYMENT_TARGET = 18.0;
				LOCALIZATION_PREFERS_STRING_CATALOGS = YES;
				MTL_ENABLE_DEBUG_INFO = INCLUDE_SOURCE;
				MTL_FAST_MATH = YES;
				ONLY_ACTIVE_ARCH = YES;
				SDKROOT = iphoneos;
				SWIFT_ACTIVE_COMPILATION_CONDITIONS = "DEBUG $(inherited)";
				SWIFT_OPTIMIZATION_LEVEL = "-Onone";
			};
			name = Debug;
		};
		A12965722CE4A92000C1B750 /* Release */ = {
			isa = XCBuildConfiguration;
			buildSettings = {
				ALWAYS_SEARCH_USER_PATHS = NO;
				ASSETCATALOG_COMPILER_GENERATE_SWIFT_ASSET_SYMBOL_EXTENSIONS = YES;
				CLANG_ANALYZER_NONNULL = YES;
				CLANG_ANALYZER_NUMBER_OBJECT_CONVERSION = YES_AGGRESSIVE;
				CLANG_CXX_LANGUAGE_STANDARD = "gnu++20";
				CLANG_ENABLE_MODULES = YES;
				CLANG_ENABLE_OBJC_ARC = YES;
				CLANG_ENABLE_OBJC_WEAK = YES;
				CLANG_WARN_BLOCK_CAPTURE_AUTORELEASING = YES;
				CLANG_WARN_BOOL_CONVERSION = YES;
				CLANG_WARN_COMMA = YES;
				CLANG_WARN_CONSTANT_CONVERSION = YES;
				CLANG_WARN_DEPRECATED_OBJC_IMPLEMENTATIONS = YES;
				CLANG_WARN_DIRECT_OBJC_ISA_USAGE = YES_ERROR;
				CLANG_WARN_DOCUMENTATION_COMMENTS = YES;
				CLANG_WARN_EMPTY_BODY = YES;
				CLANG_WARN_ENUM_CONVERSION = YES;
				CLANG_WARN_INFINITE_RECURSION = YES;
				CLANG_WARN_INT_CONVERSION = YES;
				CLANG_WARN_NON_LITERAL_NULL_CONVERSION = YES;
				CLANG_WARN_OBJC_IMPLICIT_RETAIN_SELF = YES;
				CLANG_WARN_OBJC_LITERAL_CONVERSION = YES;
				CLANG_WARN_OBJC_ROOT_CLASS = YES_ERROR;
				CLANG_WARN_QUOTED_INCLUDE_IN_FRAMEWORK_HEADER = YES;
				CLANG_WARN_RANGE_LOOP_ANALYSIS = YES;
				CLANG_WARN_STRICT_PROTOTYPES = YES;
				CLANG_WARN_SUSPICIOUS_MOVE = YES;
				CLANG_WARN_UNGUARDED_AVAILABILITY = YES_AGGRESSIVE;
				CLANG_WARN_UNREACHABLE_CODE = YES;
				CLANG_WARN__DUPLICATE_METHOD_MATCH = YES;
				COPY_PHASE_STRIP = NO;
				DEBUG_INFORMATION_FORMAT = "dwarf-with-dsym";
				ENABLE_NS_ASSERTIONS = NO;
				ENABLE_STRICT_OBJC_MSGSEND = YES;
				ENABLE_USER_SCRIPT_SANDBOXING = YES;
				GCC_C_LANGUAGE_STANDARD = gnu17;
				GCC_NO_COMMON_BLOCKS = YES;
				GCC_WARN_64_TO_32_BIT_CONVERSION = YES;
				GCC_WARN_ABOUT_RETURN_TYPE = YES_ERROR;
				GCC_WARN_UNDECLARED_SELECTOR = YES;
				GCC_WARN_UNINITIALIZED_AUTOS = YES_AGGRESSIVE;
				GCC_WARN_UNUSED_FUNCTION = YES;
				GCC_WARN_UNUSED_VARIABLE = YES;
				IPHONEOS_DEPLOYMENT_TARGET = 18.0;
				LOCALIZATION_PREFERS_STRING_CATALOGS = YES;
				MTL_ENABLE_DEBUG_INFO = NO;
				MTL_FAST_MATH = YES;
				SDKROOT = iphoneos;
				SWIFT_COMPILATION_MODE = wholemodule;
				VALIDATE_PRODUCT = YES;
			};
			name = Release;
		};
		A12965742CE4A92000C1B750 /* Debug */ = {
			isa = XCBuildConfiguration;
			buildSettings = {
				ASSETCATALOG_COMPILER_APPICON_NAME = AppIcon;
				ASSETCATALOG_COMPILER_GLOBAL_ACCENT_COLOR_NAME = AccentColor;
				CODE_SIGN_STYLE = Automatic;
				CURRENT_PROJECT_VERSION = 1;
				DEVELOPMENT_ASSET_PATHS = "\"Spyne/Preview Content\"";
				DEVELOPMENT_TEAM = 7B7N5JNQ58;
				ENABLE_PREVIEWS = YES;
				GENERATE_INFOPLIST_FILE = YES;
				INFOPLIST_FILE = Spyne/Info.plist;
				INFOPLIST_KEY_NSCameraUsageDescription = "We need your permission to use the camera";
				INFOPLIST_KEY_UIApplicationSceneManifest_Generation = YES;
				INFOPLIST_KEY_UIApplicationSupportsIndirectInputEvents = YES;
				INFOPLIST_KEY_UILaunchScreen_Generation = YES;
				INFOPLIST_KEY_UISupportedInterfaceOrientations_iPad = "UIInterfaceOrientationPortrait UIInterfaceOrientationPortraitUpsideDown UIInterfaceOrientationLandscapeLeft UIInterfaceOrientationLandscapeRight";
				INFOPLIST_KEY_UISupportedInterfaceOrientations_iPhone = "UIInterfaceOrientationPortrait UIInterfaceOrientationLandscapeLeft UIInterfaceOrientationLandscapeRight";
				IPHONEOS_DEPLOYMENT_TARGET = 17;
				LD_RUNPATH_SEARCH_PATHS = (
					"$(inherited)",
					"@executable_path/Frameworks",
				);
				MARKETING_VERSION = 1.0;
				PRODUCT_BUNDLE_IDENTIFIER = com.mhaashim.Spyne;
				PRODUCT_NAME = "$(TARGET_NAME)";
				SWIFT_EMIT_LOC_STRINGS = YES;
				SWIFT_VERSION = 5.0;
				TARGETED_DEVICE_FAMILY = "1,2";
			};
			name = Debug;
		};
		A12965752CE4A92000C1B750 /* Release */ = {
			isa = XCBuildConfiguration;
			buildSettings = {
				ASSETCATALOG_COMPILER_APPICON_NAME = AppIcon;
				ASSETCATALOG_COMPILER_GLOBAL_ACCENT_COLOR_NAME = AccentColor;
				CODE_SIGN_STYLE = Automatic;
				CURRENT_PROJECT_VERSION = 1;
				DEVELOPMENT_ASSET_PATHS = "\"Spyne/Preview Content\"";
				DEVELOPMENT_TEAM = 7B7N5JNQ58;
				ENABLE_PREVIEWS = YES;
				GENERATE_INFOPLIST_FILE = YES;
				INFOPLIST_FILE = Spyne/Info.plist;
				INFOPLIST_KEY_NSCameraUsageDescription = "We need your permission to use the camera";
				INFOPLIST_KEY_UIApplicationSceneManifest_Generation = YES;
				INFOPLIST_KEY_UIApplicationSupportsIndirectInputEvents = YES;
				INFOPLIST_KEY_UILaunchScreen_Generation = YES;
				INFOPLIST_KEY_UISupportedInterfaceOrientations_iPad = "UIInterfaceOrientationPortrait UIInterfaceOrientationPortraitUpsideDown UIInterfaceOrientationLandscapeLeft UIInterfaceOrientationLandscapeRight";
				INFOPLIST_KEY_UISupportedInterfaceOrientations_iPhone = "UIInterfaceOrientationPortrait UIInterfaceOrientationLandscapeLeft UIInterfaceOrientationLandscapeRight";
				IPHONEOS_DEPLOYMENT_TARGET = 17;
				LD_RUNPATH_SEARCH_PATHS = (
					"$(inherited)",
					"@executable_path/Frameworks",
				);
				MARKETING_VERSION = 1.0;
				PRODUCT_BUNDLE_IDENTIFIER = com.mhaashim.Spyne;
				PRODUCT_NAME = "$(TARGET_NAME)";
				SWIFT_EMIT_LOC_STRINGS = YES;
				SWIFT_VERSION = 5.0;
				TARGETED_DEVICE_FAMILY = "1,2";
			};
			name = Release;
		};
		A12965772CE4A92000C1B750 /* Debug */ = {
			isa = XCBuildConfiguration;
			buildSettings = {
				BUNDLE_LOADER = "$(TEST_HOST)";
				CODE_SIGN_STYLE = Automatic;
				CURRENT_PROJECT_VERSION = 1;
				DEVELOPMENT_TEAM = TMK3667X64;
				GENERATE_INFOPLIST_FILE = YES;
				IPHONEOS_DEPLOYMENT_TARGET = 18.0;
				MARKETING_VERSION = 1.0;
				PRODUCT_BUNDLE_IDENTIFIER = com.mhaashim.SpyneTests;
				PRODUCT_NAME = "$(TARGET_NAME)";
				SWIFT_EMIT_LOC_STRINGS = NO;
				SWIFT_VERSION = 5.0;
				TARGETED_DEVICE_FAMILY = "1,2";
				TEST_HOST = "$(BUILT_PRODUCTS_DIR)/Spyne.app/$(BUNDLE_EXECUTABLE_FOLDER_PATH)/Spyne";
			};
			name = Debug;
		};
		A12965782CE4A92000C1B750 /* Release */ = {
			isa = XCBuildConfiguration;
			buildSettings = {
				BUNDLE_LOADER = "$(TEST_HOST)";
				CODE_SIGN_STYLE = Automatic;
				CURRENT_PROJECT_VERSION = 1;
				DEVELOPMENT_TEAM = TMK3667X64;
				GENERATE_INFOPLIST_FILE = YES;
				IPHONEOS_DEPLOYMENT_TARGET = 18.0;
				MARKETING_VERSION = 1.0;
				PRODUCT_BUNDLE_IDENTIFIER = com.mhaashim.SpyneTests;
				PRODUCT_NAME = "$(TARGET_NAME)";
				SWIFT_EMIT_LOC_STRINGS = NO;
				SWIFT_VERSION = 5.0;
				TARGETED_DEVICE_FAMILY = "1,2";
				TEST_HOST = "$(BUILT_PRODUCTS_DIR)/Spyne.app/$(BUNDLE_EXECUTABLE_FOLDER_PATH)/Spyne";
			};
			name = Release;
		};
		A129657A2CE4A92000C1B750 /* Debug */ = {
			isa = XCBuildConfiguration;
			buildSettings = {
				CODE_SIGN_STYLE = Automatic;
				CURRENT_PROJECT_VERSION = 1;
				DEVELOPMENT_TEAM = TMK3667X64;
				GENERATE_INFOPLIST_FILE = YES;
				MARKETING_VERSION = 1.0;
				PRODUCT_BUNDLE_IDENTIFIER = com.mhaashim.SpyneUITests;
				PRODUCT_NAME = "$(TARGET_NAME)";
				SWIFT_EMIT_LOC_STRINGS = NO;
				SWIFT_VERSION = 5.0;
				TARGETED_DEVICE_FAMILY = "1,2";
				TEST_TARGET_NAME = Spyne;
			};
			name = Debug;
		};
		A129657B2CE4A92000C1B750 /* Release */ = {
			isa = XCBuildConfiguration;
			buildSettings = {
				CODE_SIGN_STYLE = Automatic;
				CURRENT_PROJECT_VERSION = 1;
				DEVELOPMENT_TEAM = TMK3667X64;
				GENERATE_INFOPLIST_FILE = YES;
				MARKETING_VERSION = 1.0;
				PRODUCT_BUNDLE_IDENTIFIER = com.mhaashim.SpyneUITests;
				PRODUCT_NAME = "$(TARGET_NAME)";
				SWIFT_EMIT_LOC_STRINGS = NO;
				SWIFT_VERSION = 5.0;
				TARGETED_DEVICE_FAMILY = "1,2";
				TEST_TARGET_NAME = Spyne;
			};
			name = Release;
		};
/* End XCBuildConfiguration section */

/* Begin XCConfigurationList section */
		A129654A2CE4A91E00C1B750 /* Build configuration list for PBXProject "Spyne" */ = {
			isa = XCConfigurationList;
			buildConfigurations = (
				A12965712CE4A92000C1B750 /* Debug */,
				A12965722CE4A92000C1B750 /* Release */,
			);
			defaultConfigurationIsVisible = 0;
			defaultConfigurationName = Release;
		};
		A12965732CE4A92000C1B750 /* Build configuration list for PBXNativeTarget "Spyne" */ = {
			isa = XCConfigurationList;
			buildConfigurations = (
				A12965742CE4A92000C1B750 /* Debug */,
				A12965752CE4A92000C1B750 /* Release */,
			);
			defaultConfigurationIsVisible = 0;
			defaultConfigurationName = Release;
		};
		A12965762CE4A92000C1B750 /* Build configuration list for PBXNativeTarget "SpyneTests" */ = {
			isa = XCConfigurationList;
			buildConfigurations = (
				A12965772CE4A92000C1B750 /* Debug */,
				A12965782CE4A92000C1B750 /* Release */,
			);
			defaultConfigurationIsVisible = 0;
			defaultConfigurationName = Release;
		};
		A12965792CE4A92000C1B750 /* Build configuration list for PBXNativeTarget "SpyneUITests" */ = {
			isa = XCConfigurationList;
			buildConfigurations = (
				A129657A2CE4A92000C1B750 /* Debug */,
				A129657B2CE4A92000C1B750 /* Release */,
			);
			defaultConfigurationIsVisible = 0;
			defaultConfigurationName = Release;
		};
/* End XCConfigurationList section */

/* Begin XCRemoteSwiftPackageReference section */
		A1F79C2F2CE6173E007487F8 /* XCRemoteSwiftPackageReference "realm-swift" */ = {
			isa = XCRemoteSwiftPackageReference;
			repositoryURL = "https://github.com/realm/realm-swift.git";
			requirement = {
				branch = master;
				kind = branch;
			};
		};
/* End XCRemoteSwiftPackageReference section */

/* Begin XCSwiftPackageProductDependency section */
		A1F79C302CE6173E007487F8 /* RealmSwift */ = {
			isa = XCSwiftPackageProductDependency;
			package = A1F79C2F2CE6173E007487F8 /* XCRemoteSwiftPackageReference "realm-swift" */;
			productName = RealmSwift;
		};
/* End XCSwiftPackageProductDependency section */
	};
	rootObject = A12965472CE4A91E00C1B750 /* Project object */;
}
